Microsoft Visual Studio Solution File, Format Version 12.00
# Visual Studio Version 17
VisualStudioVersion = 17.5.2.0
MinimumVisualStudioVersion = 10.0.40219.1
Project("{FAE04EC0-301F-11D3-BF4B-00C04F79EFBC}") = "BlazorApp", "BlazorApp\BlazorApp.csproj", "{D120649D-2906-09DD-7896-0626A755FFF4}"
EndProject
Project("{FAE04EC0-301F-11D3-BF4B-00C04F79EFBC}") = "BlazorServerApp", "BlazorServerApp\BlazorServerApp.csproj", "{3A61C15B-A70C-2C76-14B4-E3A2A0DFDFAA}"
EndProject
Project("{FAE04EC0-301F-11D3-BF4B-00C04F79EFBC}") = "DataGrid", "CSS_Isolation\DataGrid.csproj", "{8F575521-2602-13C2-A0ED-8BBF23DB89F0}"
EndProject
Project("{FAE04EC0-301F-11D3-BF4B-00C04F79EFBC}") = "WebAssembly_BlazorApp", "WebAssembly_BlazorApp\WebAssembly_BlazorApp.csproj", "{421D1493-F1C4-4E9E-6512-3B8F1C46079B}"
EndProject
Global
	GlobalSection(SolutionConfigurationPlatforms) = preSolution
		Debug|Any CPU = Debug|Any CPU
		Release|Any CPU = Release|Any CPU
	EndGlobalSection
	GlobalSection(ProjectConfigurationPlatforms) = postSolution
		{D120649D-2906-09DD-7896-0626A755FFF4}.Debug|Any CPU.ActiveCfg = Debug|Any CPU
		{D120649D-2906-09DD-7896-0626A755FFF4}.Debug|Any CPU.Build.0 = Debug|Any CPU
		{D120649D-2906-09DD-7896-0626A755FFF4}.Release|Any CPU.ActiveCfg = Release|Any CPU
		{D120649D-2906-09DD-7896-0626A755FFF4}.Release|Any CPU.Build.0 = Release|Any CPU
		{3A61C15B-A70C-2C76-14B4-E3A2A0DFDFAA}.Debug|Any CPU.ActiveCfg = Debug|Any CPU
		{3A61C15B-A70C-2C76-14B4-E3A2A0DFDFAA}.Debug|Any CPU.Build.0 = Debug|Any CPU
		{3A61C15B-A70C-2C76-14B4-E3A2A0DFDFAA}.Release|Any CPU.ActiveCfg = Release|Any CPU
		{3A61C15B-A70C-2C76-14B4-E3A2A0DFDFAA}.Release|Any CPU.Build.0 = Release|Any CPU
		{8F575521-2602-13C2-A0ED-8BBF23DB89F0}.Debug|Any CPU.ActiveCfg = Debug|Any CPU
		{8F575521-2602-13C2-A0ED-8BBF23DB89F0}.Debug|Any CPU.Build.0 = Debug|Any CPU
		{8F575521-2602-13C2-A0ED-8BBF23DB89F0}.Release|Any CPU.ActiveCfg = Release|Any CPU
		{8F575521-2602-13C2-A0ED-8BBF23DB89F0}.Release|Any CPU.Build.0 = Release|Any CPU
		{421D1493-F1C4-4E9E-6512-3B8F1C46079B}.Debug|Any CPU.ActiveCfg = Debug|Any CPU
		{421D1493-F1C4-4E9E-6512-3B8F1C46079B}.Debug|Any CPU.Build.0 = Debug|Any CPU
		{421D1493-F1C4-4E9E-6512-3B8F1C46079B}.Release|Any CPU.ActiveCfg = Release|Any CPU
		{421D1493-F1C4-4E9E-6512-3B8F1C46079B}.Release|Any CPU.Build.0 = Release|Any CPU
	EndGlobalSection
	GlobalSection(SolutionProperties) = preSolution
		HideSolutionNode = FALSE
	EndGlobalSection
	GlobalSection(ExtensibilityGlobals) = postSolution
		SolutionGuid = {C61DDD3C-28BB-45FE-B4CA-07D21842F520}
	EndGlobalSection
EndGlobal
